
Microsoft Visual Studio Solution File, Format Version 12.00
# Visual Studio Version 17
VisualStudioVersion = 17.13.35825.156 d17.13
MinimumVisualStudioVersion = 10.0.40219.1
Project("{FAE04EC0-301F-11D3-BF4B-00C04F79EFBC}") = "Asteroida.Avalonia", "Asteroida\Asteroida.Avalonia.csproj", "{AB5DAE26-EB05-E65E-3EB8-765250DC1A52}"
EndProject
Project("{FAE04EC0-301F-11D3-BF4B-00C04F79EFBC}") = "Asteroida.Android", "Asteroida.Android\Asteroida.Android.csproj", "{3C2DAA85-95BF-588B-3A2A-388D23A48231}"
EndProject
Project("{FAE04EC0-301F-11D3-BF4B-00C04F79EFBC}") = "Asteroida.Desktop", "Asteroida.Desktop\Asteroida.Desktop.csproj", "{111CB16C-80FE-FD2D-DAA7-CDF776682FF9}"
EndProject
Project("{FAE04EC0-301F-11D3-BF4B-00C04F79EFBC}") = "AsteroidaGame", "AsteroidaGame\AsteroidaGame.csproj", "{D3BA83FA-1C93-4522-8181-82E7B496302E}"
EndProject
Global
	GlobalSection(SolutionConfigurationPlatforms) = preSolution
		Debug|Any CPU = Debug|Any CPU
		Release|Any CPU = Release|Any CPU
	EndGlobalSection
	GlobalSection(ProjectConfigurationPlatforms) = postSolution
		{AB5DAE26-EB05-E65E-3EB8-765250DC1A52}.Debug|Any CPU.ActiveCfg = Debug|Any CPU
		{AB5DAE26-EB05-E65E-3EB8-765250DC1A52}.Debug|Any CPU.Build.0 = Debug|Any CPU
		{AB5DAE26-EB05-E65E-3EB8-765250DC1A52}.Release|Any CPU.ActiveCfg = Release|Any CPU
		{AB5DAE26-EB05-E65E-3EB8-765250DC1A52}.Release|Any CPU.Build.0 = Release|Any CPU
		{3C2DAA85-95BF-588B-3A2A-388D23A48231}.Debug|Any CPU.ActiveCfg = Debug|Any CPU
		{3C2DAA85-95BF-588B-3A2A-388D23A48231}.Debug|Any CPU.Build.0 = Debug|Any CPU
		{3C2DAA85-95BF-588B-3A2A-388D23A48231}.Debug|Any CPU.Deploy.0 = Debug|Any CPU
		{3C2DAA85-95BF-588B-3A2A-388D23A48231}.Release|Any CPU.ActiveCfg = Release|Any CPU
		{3C2DAA85-95BF-588B-3A2A-388D23A48231}.Release|Any CPU.Build.0 = Release|Any CPU
		{3C2DAA85-95BF-588B-3A2A-388D23A48231}.Release|Any CPU.Deploy.0 = Release|Any CPU
		{111CB16C-80FE-FD2D-DAA7-CDF776682FF9}.Debug|Any CPU.ActiveCfg = Debug|Any CPU
		{111CB16C-80FE-FD2D-DAA7-CDF776682FF9}.Debug|Any CPU.Build.0 = Debug|Any CPU
		{111CB16C-80FE-FD2D-DAA7-CDF776682FF9}.Release|Any CPU.ActiveCfg = Release|Any CPU
		{111CB16C-80FE-FD2D-DAA7-CDF776682FF9}.Release|Any CPU.Build.0 = Release|Any CPU
		{D3BA83FA-1C93-4522-8181-82E7B496302E}.Debug|Any CPU.ActiveCfg = Debug|Any CPU
		{D3BA83FA-1C93-4522-8181-82E7B496302E}.Debug|Any CPU.Build.0 = Debug|Any CPU
		{D3BA83FA-1C93-4522-8181-82E7B496302E}.Release|Any CPU.ActiveCfg = Release|Any CPU
		{D3BA83FA-1C93-4522-8181-82E7B496302E}.Release|Any CPU.Build.0 = Release|Any CPU
	EndGlobalSection
	GlobalSection(SolutionProperties) = preSolution
		HideSolutionNode = FALSE
	EndGlobalSection
	GlobalSection(ExtensibilityGlobals) = postSolution
		SolutionGuid = {DDAFCC69-3F54-4197-BA23-86AD0018763D}
	EndGlobalSection
EndGlobal
